
Microsoft Visual Studio Solution File, Format Version 12.00
# Visual Studio 15
VisualStudioVersion = 15.0.26124.0
MinimumVisualStudioVersion = 15.0.26124.0
Project("{FAE04EC0-301F-11D3-BF4B-00C04F79EFBC}") = "AdventOfCode2020", "AdventOfCode2020\AdventOfCode2020.csproj", "{A649B633-B528-4AD0-9FC3-9FC412731122}"
EndProject
Project("{FAE04EC0-301F-11D3-BF4B-00C04F79EFBC}") = "AdventOfCode2020.Tests", "AdventOfCode2020.Tests\AdventOfCode2020.Tests.csproj", "{F7815057-7CCB-499F-A4D6-673AFCC3DB89}"
EndProject
Project("{FAE04EC0-301F-11D3-BF4B-00C04F79EFBC}") = "AdventOfCode2021", "AdventOfCode2021\AdventOfCode2021.csproj", "{D3ABB108-C7F0-46B4-9A57-CB3DADAB7509}"
EndProject
Project("{FAE04EC0-301F-11D3-BF4B-00C04F79EFBC}") = "AdventOfCodeClient", "AdventOfCodeClient\AdventOfCodeClient.csproj", "{E8434F1F-1BF1-489E-8E08-9421350FE0CD}"
EndProject
Project("{FAE04EC0-301F-11D3-BF4B-00C04F79EFBC}") = "AdventOfCode2021.Tests", "AdventOfCode2021.Tests\AdventOfCode2021.Tests.csproj", "{69A07106-C1A1-4868-AD68-E8A05C57F466}"
EndProject
Project("{FAE04EC0-301F-11D3-BF4B-00C04F79EFBC}") = "AdventOfCode2022", "AdventOfCode2022\AdventOfCode2022.csproj", "{1DC7867A-7CF7-48F8-A404-C4A8D649AD20}"
EndProject
Project("{FAE04EC0-301F-11D3-BF4B-00C04F79EFBC}") = "AdventOfCode2022.Tests", "AdventOfCode2022.Tests\AdventOfCode2022.Tests.csproj", "{35AB1AE6-004F-4847-9926-250F42EA0915}"
EndProject
Project("{FAE04EC0-301F-11D3-BF4B-00C04F79EFBC}") = "AdventOfCodeRunner", "AdventOfCodeRunner\AdventOfCodeRunner.csproj", "{0D31313C-0C89-461E-8EB9-927F79B02A03}"
EndProject
Project("{FAE04EC0-301F-11D3-BF4B-00C04F79EFBC}") = "AdventOfCode2015", "AdventOfCode2015\AdventOfCode2015.csproj", "{828B3EF9-F9B2-4F22-8AD5-FC731C844E98}"
EndProject
Project("{FAE04EC0-301F-11D3-BF4B-00C04F79EFBC}") = "AdventOfCode2015.Tests", "AdventOfCode2015.Tests\AdventOfCode2015.Tests.csproj", "{1DEE17B7-A45B-4535-9B05-9EA79CB7D3A9}"
EndProject
Project("{FAE04EC0-301F-11D3-BF4B-00C04F79EFBC}") = "AdventOfCode2016", "AdventOfCode2016\AdventOfCode2016.csproj", "{59D0E46F-0B9D-46E3-B5FA-08C2FD790C50}"
EndProject
Project("{FAE04EC0-301F-11D3-BF4B-00C04F79EFBC}") = "AdventOfCode2016.Tests", "AdventOfCode2016.Tests\AdventOfCode2016.Tests.csproj", "{82C78D14-B9BB-4E1E-9192-07FF6C6BAC6C}"
EndProject
Project("{FAE04EC0-301F-11D3-BF4B-00C04F79EFBC}") = "AdventOfCode2017", "AdventOfCode2017\AdventOfCode2017.csproj", "{9A1F407D-5400-4C79-94D0-DB0CDDEFBCA2}"
EndProject
Project("{FAE04EC0-301F-11D3-BF4B-00C04F79EFBC}") = "AdventOfCode2017.Tests", "AdventOfCode2017.Tests\AdventOfCode2017.Tests.csproj", "{645D94A9-64EA-4A5B-A7CB-3F8EE629654D}"
EndProject
Project("{FAE04EC0-301F-11D3-BF4B-00C04F79EFBC}") = "AdventOfCode2023", "AdventOfCode2023\AdventOfCode2023.csproj", "{36DEF292-292B-4C94-BD7D-D6734E14BF79}"
EndProject
Project("{FAE04EC0-301F-11D3-BF4B-00C04F79EFBC}") = "AdventOfCode2023.Tests", "AdventOfCode2023.Tests\AdventOfCode2023.Tests.csproj", "{44E36535-2433-4D69-9099-F4B31A408143}"
EndProject
Project("{FAE04EC0-301F-11D3-BF4B-00C04F79EFBC}") = "AdventOfCode2024", "AdventOfCode2024\AdventOfCode2024.csproj", "{BB1130E1-F51E-4BC7-B4B1-3664B909EAFF}"
EndProject
Project("{FAE04EC0-301F-11D3-BF4B-00C04F79EFBC}") = "AdventOfCode2024.Tests", "AdventOfCode2024.Tests\AdventOfCode2024.Tests.csproj", "{091059AA-BCAD-421C-9A13-78B1F85E726A}"
EndProject
Project("{FAE04EC0-301F-11D3-BF4B-00C04F79EFBC}") = "AdventOfCode2025", "AdventOfCode2025\AdventOfCode2025.csproj", "{003951E9-7539-4257-AA48-3FEA12239300}"
EndProject
Project("{FAE04EC0-301F-11D3-BF4B-00C04F79EFBC}") = "AdventOfCode2025.Tests", "AdventOfCode2025.Tests\AdventOfCode2025.Tests.csproj", "{19D45216-C348-49CF-85DB-B07FBED3CF7B}"
EndProject
Project("{FAE04EC0-301F-11D3-BF4B-00C04F79EFBC}") = "AdventOfCode2019", "AdventOfCode2019\AdventOfCode2019.csproj", "{0C1870C9-DE43-4A9D-92F4-74DE16C0ADBC}"
EndProject
Project("{FAE04EC0-301F-11D3-BF4B-00C04F79EFBC}") = "AdventOfCode2019.Tests", "AdventOfCode2019.Tests\AdventOfCode2019.Tests.csproj", "{FB94FC54-DA2D-4E20-822B-73ABE3FDB075}"
EndProject
Global
	GlobalSection(SolutionConfigurationPlatforms) = preSolution
		Debug|Any CPU = Debug|Any CPU
		Debug|x64 = Debug|x64
		Debug|x86 = Debug|x86
		Release|Any CPU = Release|Any CPU
		Release|x64 = Release|x64
		Release|x86 = Release|x86
	EndGlobalSection
	GlobalSection(SolutionProperties) = preSolution
		HideSolutionNode = FALSE
	EndGlobalSection
	GlobalSection(ProjectConfigurationPlatforms) = postSolution
		{A649B633-B528-4AD0-9FC3-9FC412731122}.Debug|Any CPU.ActiveCfg = Debug|Any CPU
		{A649B633-B528-4AD0-9FC3-9FC412731122}.Debug|Any CPU.Build.0 = Debug|Any CPU
		{A649B633-B528-4AD0-9FC3-9FC412731122}.Debug|x64.ActiveCfg = Debug|Any CPU
		{A649B633-B528-4AD0-9FC3-9FC412731122}.Debug|x64.Build.0 = Debug|Any CPU
		{A649B633-B528-4AD0-9FC3-9FC412731122}.Debug|x86.ActiveCfg = Debug|Any CPU
		{A649B633-B528-4AD0-9FC3-9FC412731122}.Debug|x86.Build.0 = Debug|Any CPU
		{A649B633-B528-4AD0-9FC3-9FC412731122}.Release|Any CPU.ActiveCfg = Release|Any CPU
		{A649B633-B528-4AD0-9FC3-9FC412731122}.Release|Any CPU.Build.0 = Release|Any CPU
		{A649B633-B528-4AD0-9FC3-9FC412731122}.Release|x64.ActiveCfg = Release|Any CPU
		{A649B633-B528-4AD0-9FC3-9FC412731122}.Release|x64.Build.0 = Release|Any CPU
		{A649B633-B528-4AD0-9FC3-9FC412731122}.Release|x86.ActiveCfg = Release|Any CPU
		{A649B633-B528-4AD0-9FC3-9FC412731122}.Release|x86.Build.0 = Release|Any CPU
		{F7815057-7CCB-499F-A4D6-673AFCC3DB89}.Debug|Any CPU.ActiveCfg = Debug|Any CPU
		{F7815057-7CCB-499F-A4D6-673AFCC3DB89}.Debug|Any CPU.Build.0 = Debug|Any CPU
		{F7815057-7CCB-499F-A4D6-673AFCC3DB89}.Debug|x64.ActiveCfg = Debug|Any CPU
		{F7815057-7CCB-499F-A4D6-673AFCC3DB89}.Debug|x64.Build.0 = Debug|Any CPU
		{F7815057-7CCB-499F-A4D6-673AFCC3DB89}.Debug|x86.ActiveCfg = Debug|Any CPU
		{F7815057-7CCB-499F-A4D6-673AFCC3DB89}.Debug|x86.Build.0 = Debug|Any CPU
		{F7815057-7CCB-499F-A4D6-673AFCC3DB89}.Release|Any CPU.ActiveCfg = Release|Any CPU
		{F7815057-7CCB-499F-A4D6-673AFCC3DB89}.Release|Any CPU.Build.0 = Release|Any CPU
		{F7815057-7CCB-499F-A4D6-673AFCC3DB89}.Release|x64.ActiveCfg = Release|Any CPU
		{F7815057-7CCB-499F-A4D6-673AFCC3DB89}.Release|x64.Build.0 = Release|Any CPU
		{F7815057-7CCB-499F-A4D6-673AFCC3DB89}.Release|x86.ActiveCfg = Release|Any CPU
		{F7815057-7CCB-499F-A4D6-673AFCC3DB89}.Release|x86.Build.0 = Release|Any CPU
		{D3ABB108-C7F0-46B4-9A57-CB3DADAB7509}.Debug|Any CPU.ActiveCfg = Debug|Any CPU
		{D3ABB108-C7F0-46B4-9A57-CB3DADAB7509}.Debug|Any CPU.Build.0 = Debug|Any CPU
		{D3ABB108-C7F0-46B4-9A57-CB3DADAB7509}.Debug|x64.ActiveCfg = Debug|Any CPU
		{D3ABB108-C7F0-46B4-9A57-CB3DADAB7509}.Debug|x64.Build.0 = Debug|Any CPU
		{D3ABB108-C7F0-46B4-9A57-CB3DADAB7509}.Debug|x86.ActiveCfg = Debug|Any CPU
		{D3ABB108-C7F0-46B4-9A57-CB3DADAB7509}.Debug|x86.Build.0 = Debug|Any CPU
		{D3ABB108-C7F0-46B4-9A57-CB3DADAB7509}.Release|Any CPU.ActiveCfg = Release|Any CPU
		{D3ABB108-C7F0-46B4-9A57-CB3DADAB7509}.Release|Any CPU.Build.0 = Release|Any CPU
		{D3ABB108-C7F0-46B4-9A57-CB3DADAB7509}.Release|x64.ActiveCfg = Release|Any CPU
		{D3ABB108-C7F0-46B4-9A57-CB3DADAB7509}.Release|x64.Build.0 = Release|Any CPU
		{D3ABB108-C7F0-46B4-9A57-CB3DADAB7509}.Release|x86.ActiveCfg = Release|Any CPU
		{D3ABB108-C7F0-46B4-9A57-CB3DADAB7509}.Release|x86.Build.0 = Release|Any CPU
		{E8434F1F-1BF1-489E-8E08-9421350FE0CD}.Debug|Any CPU.ActiveCfg = Debug|Any CPU
		{E8434F1F-1BF1-489E-8E08-9421350FE0CD}.Debug|Any CPU.Build.0 = Debug|Any CPU
		{E8434F1F-1BF1-489E-8E08-9421350FE0CD}.Debug|x64.ActiveCfg = Debug|Any CPU
		{E8434F1F-1BF1-489E-8E08-9421350FE0CD}.Debug|x64.Build.0 = Debug|Any CPU
		{E8434F1F-1BF1-489E-8E08-9421350FE0CD}.Debug|x86.ActiveCfg = Debug|Any CPU
		{E8434F1F-1BF1-489E-8E08-9421350FE0CD}.Debug|x86.Build.0 = Debug|Any CPU
		{E8434F1F-1BF1-489E-8E08-9421350FE0CD}.Release|Any CPU.ActiveCfg = Release|Any CPU
		{E8434F1F-1BF1-489E-8E08-9421350FE0CD}.Release|Any CPU.Build.0 = Release|Any CPU
		{E8434F1F-1BF1-489E-8E08-9421350FE0CD}.Release|x64.ActiveCfg = Release|Any CPU
		{E8434F1F-1BF1-489E-8E08-9421350FE0CD}.Release|x64.Build.0 = Release|Any CPU
		{E8434F1F-1BF1-489E-8E08-9421350FE0CD}.Release|x86.ActiveCfg = Release|Any CPU
		{E8434F1F-1BF1-489E-8E08-9421350FE0CD}.Release|x86.Build.0 = Release|Any CPU
		{69A07106-C1A1-4868-AD68-E8A05C57F466}.Debug|Any CPU.ActiveCfg = Debug|Any CPU
		{69A07106-C1A1-4868-AD68-E8A05C57F466}.Debug|Any CPU.Build.0 = Debug|Any CPU
		{69A07106-C1A1-4868-AD68-E8A05C57F466}.Debug|x64.ActiveCfg = Debug|Any CPU
		{69A07106-C1A1-4868-AD68-E8A05C57F466}.Debug|x64.Build.0 = Debug|Any CPU
		{69A07106-C1A1-4868-AD68-E8A05C57F466}.Debug|x86.ActiveCfg = Debug|Any CPU
		{69A07106-C1A1-4868-AD68-E8A05C57F466}.Debug|x86.Build.0 = Debug|Any CPU
		{69A07106-C1A1-4868-AD68-E8A05C57F466}.Release|Any CPU.ActiveCfg = Release|Any CPU
		{69A07106-C1A1-4868-AD68-E8A05C57F466}.Release|Any CPU.Build.0 = Release|Any CPU
		{69A07106-C1A1-4868-AD68-E8A05C57F466}.Release|x64.ActiveCfg = Release|Any CPU
		{69A07106-C1A1-4868-AD68-E8A05C57F466}.Release|x64.Build.0 = Release|Any CPU
		{69A07106-C1A1-4868-AD68-E8A05C57F466}.Release|x86.ActiveCfg = Release|Any CPU
		{69A07106-C1A1-4868-AD68-E8A05C57F466}.Release|x86.Build.0 = Release|Any CPU
		{1DC7867A-7CF7-48F8-A404-C4A8D649AD20}.Debug|Any CPU.ActiveCfg = Debug|Any CPU
		{1DC7867A-7CF7-48F8-A404-C4A8D649AD20}.Debug|Any CPU.Build.0 = Debug|Any CPU
		{1DC7867A-7CF7-48F8-A404-C4A8D649AD20}.Debug|x64.ActiveCfg = Debug|Any CPU
		{1DC7867A-7CF7-48F8-A404-C4A8D649AD20}.Debug|x64.Build.0 = Debug|Any CPU
		{1DC7867A-7CF7-48F8-A404-C4A8D649AD20}.Debug|x86.ActiveCfg = Debug|Any CPU
		{1DC7867A-7CF7-48F8-A404-C4A8D649AD20}.Debug|x86.Build.0 = Debug|Any CPU
		{1DC7867A-7CF7-48F8-A404-C4A8D649AD20}.Release|Any CPU.ActiveCfg = Release|Any CPU
		{1DC7867A-7CF7-48F8-A404-C4A8D649AD20}.Release|Any CPU.Build.0 = Release|Any CPU
		{1DC7867A-7CF7-48F8-A404-C4A8D649AD20}.Release|x64.ActiveCfg = Release|Any CPU
		{1DC7867A-7CF7-48F8-A404-C4A8D649AD20}.Release|x64.Build.0 = Release|Any CPU
		{1DC7867A-7CF7-48F8-A404-C4A8D649AD20}.Release|x86.ActiveCfg = Release|Any CPU
		{1DC7867A-7CF7-48F8-A404-C4A8D649AD20}.Release|x86.Build.0 = Release|Any CPU
		{35AB1AE6-004F-4847-9926-250F42EA0915}.Debug|Any CPU.ActiveCfg = Debug|Any CPU
		{35AB1AE6-004F-4847-9926-250F42EA0915}.Debug|Any CPU.Build.0 = Debug|Any CPU
		{35AB1AE6-004F-4847-9926-250F42EA0915}.Debug|x64.ActiveCfg = Debug|Any CPU
		{35AB1AE6-004F-4847-9926-250F42EA0915}.Debug|x64.Build.0 = Debug|Any CPU
		{35AB1AE6-004F-4847-9926-250F42EA0915}.Debug|x86.ActiveCfg = Debug|Any CPU
		{35AB1AE6-004F-4847-9926-250F42EA0915}.Debug|x86.Build.0 = Debug|Any CPU
		{35AB1AE6-004F-4847-9926-250F42EA0915}.Release|Any CPU.ActiveCfg = Release|Any CPU
		{35AB1AE6-004F-4847-9926-250F42EA0915}.Release|Any CPU.Build.0 = Release|Any CPU
		{35AB1AE6-004F-4847-9926-250F42EA0915}.Release|x64.ActiveCfg = Release|Any CPU
		{35AB1AE6-004F-4847-9926-250F42EA0915}.Release|x64.Build.0 = Release|Any CPU
		{35AB1AE6-004F-4847-9926-250F42EA0915}.Release|x86.ActiveCfg = Release|Any CPU
		{35AB1AE6-004F-4847-9926-250F42EA0915}.Release|x86.Build.0 = Release|Any CPU
		{0D31313C-0C89-461E-8EB9-927F79B02A03}.Debug|Any CPU.ActiveCfg = Debug|Any CPU
		{0D31313C-0C89-461E-8EB9-927F79B02A03}.Debug|Any CPU.Build.0 = Debug|Any CPU
		{0D31313C-0C89-461E-8EB9-927F79B02A03}.Debug|x64.ActiveCfg = Debug|Any CPU
		{0D31313C-0C89-461E-8EB9-927F79B02A03}.Debug|x64.Build.0 = Debug|Any CPU
		{0D31313C-0C89-461E-8EB9-927F79B02A03}.Debug|x86.ActiveCfg = Debug|Any CPU
		{0D31313C-0C89-461E-8EB9-927F79B02A03}.Debug|x86.Build.0 = Debug|Any CPU
		{0D31313C-0C89-461E-8EB9-927F79B02A03}.Release|Any CPU.ActiveCfg = Release|Any CPU
		{0D31313C-0C89-461E-8EB9-927F79B02A03}.Release|Any CPU.Build.0 = Release|Any CPU
		{0D31313C-0C89-461E-8EB9-927F79B02A03}.Release|x64.ActiveCfg = Release|Any CPU
		{0D31313C-0C89-461E-8EB9-927F79B02A03}.Release|x64.Build.0 = Release|Any CPU
		{0D31313C-0C89-461E-8EB9-927F79B02A03}.Release|x86.ActiveCfg = Release|Any CPU
		{0D31313C-0C89-461E-8EB9-927F79B02A03}.Release|x86.Build.0 = Release|Any CPU
		{828B3EF9-F9B2-4F22-8AD5-FC731C844E98}.Debug|Any CPU.ActiveCfg = Debug|Any CPU
		{828B3EF9-F9B2-4F22-8AD5-FC731C844E98}.Debug|Any CPU.Build.0 = Debug|Any CPU
		{828B3EF9-F9B2-4F22-8AD5-FC731C844E98}.Debug|x64.ActiveCfg = Debug|Any CPU
		{828B3EF9-F9B2-4F22-8AD5-FC731C844E98}.Debug|x64.Build.0 = Debug|Any CPU
		{828B3EF9-F9B2-4F22-8AD5-FC731C844E98}.Debug|x86.ActiveCfg = Debug|Any CPU
		{828B3EF9-F9B2-4F22-8AD5-FC731C844E98}.Debug|x86.Build.0 = Debug|Any CPU
		{828B3EF9-F9B2-4F22-8AD5-FC731C844E98}.Release|Any CPU.ActiveCfg = Release|Any CPU
		{828B3EF9-F9B2-4F22-8AD5-FC731C844E98}.Release|Any CPU.Build.0 = Release|Any CPU
		{828B3EF9-F9B2-4F22-8AD5-FC731C844E98}.Release|x64.ActiveCfg = Release|Any CPU
		{828B3EF9-F9B2-4F22-8AD5-FC731C844E98}.Release|x64.Build.0 = Release|Any CPU
		{828B3EF9-F9B2-4F22-8AD5-FC731C844E98}.Release|x86.ActiveCfg = Release|Any CPU
		{828B3EF9-F9B2-4F22-8AD5-FC731C844E98}.Release|x86.Build.0 = Release|Any CPU
		{1DEE17B7-A45B-4535-9B05-9EA79CB7D3A9}.Debug|Any CPU.ActiveCfg = Debug|Any CPU
		{1DEE17B7-A45B-4535-9B05-9EA79CB7D3A9}.Debug|Any CPU.Build.0 = Debug|Any CPU
		{1DEE17B7-A45B-4535-9B05-9EA79CB7D3A9}.Debug|x64.ActiveCfg = Debug|Any CPU
		{1DEE17B7-A45B-4535-9B05-9EA79CB7D3A9}.Debug|x64.Build.0 = Debug|Any CPU
		{1DEE17B7-A45B-4535-9B05-9EA79CB7D3A9}.Debug|x86.ActiveCfg = Debug|Any CPU
		{1DEE17B7-A45B-4535-9B05-9EA79CB7D3A9}.Debug|x86.Build.0 = Debug|Any CPU
		{1DEE17B7-A45B-4535-9B05-9EA79CB7D3A9}.Release|Any CPU.ActiveCfg = Release|Any CPU
		{1DEE17B7-A45B-4535-9B05-9EA79CB7D3A9}.Release|Any CPU.Build.0 = Release|Any CPU
		{1DEE17B7-A45B-4535-9B05-9EA79CB7D3A9}.Release|x64.ActiveCfg = Release|Any CPU
		{1DEE17B7-A45B-4535-9B05-9EA79CB7D3A9}.Release|x64.Build.0 = Release|Any CPU
		{1DEE17B7-A45B-4535-9B05-9EA79CB7D3A9}.Release|x86.ActiveCfg = Release|Any CPU
		{1DEE17B7-A45B-4535-9B05-9EA79CB7D3A9}.Release|x86.Build.0 = Release|Any CPU
		{59D0E46F-0B9D-46E3-B5FA-08C2FD790C50}.Debug|Any CPU.ActiveCfg = Debug|Any CPU
		{59D0E46F-0B9D-46E3-B5FA-08C2FD790C50}.Debug|Any CPU.Build.0 = Debug|Any CPU
		{59D0E46F-0B9D-46E3-B5FA-08C2FD790C50}.Debug|x64.ActiveCfg = Debug|Any CPU
		{59D0E46F-0B9D-46E3-B5FA-08C2FD790C50}.Debug|x64.Build.0 = Debug|Any CPU
		{59D0E46F-0B9D-46E3-B5FA-08C2FD790C50}.Debug|x86.ActiveCfg = Debug|Any CPU
		{59D0E46F-0B9D-46E3-B5FA-08C2FD790C50}.Debug|x86.Build.0 = Debug|Any CPU
		{59D0E46F-0B9D-46E3-B5FA-08C2FD790C50}.Release|Any CPU.ActiveCfg = Release|Any CPU
		{59D0E46F-0B9D-46E3-B5FA-08C2FD790C50}.Release|Any CPU.Build.0 = Release|Any CPU
		{59D0E46F-0B9D-46E3-B5FA-08C2FD790C50}.Release|x64.ActiveCfg = Release|Any CPU
		{59D0E46F-0B9D-46E3-B5FA-08C2FD790C50}.Release|x64.Build.0 = Release|Any CPU
		{59D0E46F-0B9D-46E3-B5FA-08C2FD790C50}.Release|x86.ActiveCfg = Release|Any CPU
		{59D0E46F-0B9D-46E3-B5FA-08C2FD790C50}.Release|x86.Build.0 = Release|Any CPU
		{82C78D14-B9BB-4E1E-9192-07FF6C6BAC6C}.Debug|Any CPU.ActiveCfg = Debug|Any CPU
		{82C78D14-B9BB-4E1E-9192-07FF6C6BAC6C}.Debug|Any CPU.Build.0 = Debug|Any CPU
		{82C78D14-B9BB-4E1E-9192-07FF6C6BAC6C}.Debug|x64.ActiveCfg = Debug|Any CPU
		{82C78D14-B9BB-4E1E-9192-07FF6C6BAC6C}.Debug|x64.Build.0 = Debug|Any CPU
		{82C78D14-B9BB-4E1E-9192-07FF6C6BAC6C}.Debug|x86.ActiveCfg = Debug|Any CPU
		{82C78D14-B9BB-4E1E-9192-07FF6C6BAC6C}.Debug|x86.Build.0 = Debug|Any CPU
		{82C78D14-B9BB-4E1E-9192-07FF6C6BAC6C}.Release|Any CPU.ActiveCfg = Release|Any CPU
		{82C78D14-B9BB-4E1E-9192-07FF6C6BAC6C}.Release|Any CPU.Build.0 = Release|Any CPU
		{82C78D14-B9BB-4E1E-9192-07FF6C6BAC6C}.Release|x64.ActiveCfg = Release|Any CPU
		{82C78D14-B9BB-4E1E-9192-07FF6C6BAC6C}.Release|x64.Build.0 = Release|Any CPU
		{82C78D14-B9BB-4E1E-9192-07FF6C6BAC6C}.Release|x86.ActiveCfg = Release|Any CPU
		{82C78D14-B9BB-4E1E-9192-07FF6C6BAC6C}.Release|x86.Build.0 = Release|Any CPU
		{9A1F407D-5400-4C79-94D0-DB0CDDEFBCA2}.Debug|Any CPU.ActiveCfg = Debug|Any CPU
		{9A1F407D-5400-4C79-94D0-DB0CDDEFBCA2}.Debug|Any CPU.Build.0 = Debug|Any CPU
		{9A1F407D-5400-4C79-94D0-DB0CDDEFBCA2}.Debug|x64.ActiveCfg = Debug|Any CPU
		{9A1F407D-5400-4C79-94D0-DB0CDDEFBCA2}.Debug|x64.Build.0 = Debug|Any CPU
		{9A1F407D-5400-4C79-94D0-DB0CDDEFBCA2}.Debug|x86.ActiveCfg = Debug|Any CPU
		{9A1F407D-5400-4C79-94D0-DB0CDDEFBCA2}.Debug|x86.Build.0 = Debug|Any CPU
		{9A1F407D-5400-4C79-94D0-DB0CDDEFBCA2}.Release|Any CPU.ActiveCfg = Release|Any CPU
		{9A1F407D-5400-4C79-94D0-DB0CDDEFBCA2}.Release|Any CPU.Build.0 = Release|Any CPU
		{9A1F407D-5400-4C79-94D0-DB0CDDEFBCA2}.Release|x64.ActiveCfg = Release|Any CPU
		{9A1F407D-5400-4C79-94D0-DB0CDDEFBCA2}.Release|x64.Build.0 = Release|Any CPU
		{9A1F407D-5400-4C79-94D0-DB0CDDEFBCA2}.Release|x86.ActiveCfg = Release|Any CPU
		{9A1F407D-5400-4C79-94D0-DB0CDDEFBCA2}.Release|x86.Build.0 = Release|Any CPU
		{645D94A9-64EA-4A5B-A7CB-3F8EE629654D}.Debug|Any CPU.ActiveCfg = Debug|Any CPU
		{645D94A9-64EA-4A5B-A7CB-3F8EE629654D}.Debug|Any CPU.Build.0 = Debug|Any CPU
		{645D94A9-64EA-4A5B-A7CB-3F8EE629654D}.Debug|x64.ActiveCfg = Debug|Any CPU
		{645D94A9-64EA-4A5B-A7CB-3F8EE629654D}.Debug|x64.Build.0 = Debug|Any CPU
		{645D94A9-64EA-4A5B-A7CB-3F8EE629654D}.Debug|x86.ActiveCfg = Debug|Any CPU
		{645D94A9-64EA-4A5B-A7CB-3F8EE629654D}.Debug|x86.Build.0 = Debug|Any CPU
		{645D94A9-64EA-4A5B-A7CB-3F8EE629654D}.Release|Any CPU.ActiveCfg = Release|Any CPU
		{645D94A9-64EA-4A5B-A7CB-3F8EE629654D}.Release|Any CPU.Build.0 = Release|Any CPU
		{645D94A9-64EA-4A5B-A7CB-3F8EE629654D}.Release|x64.ActiveCfg = Release|Any CPU
		{645D94A9-64EA-4A5B-A7CB-3F8EE629654D}.Release|x64.Build.0 = Release|Any CPU
		{645D94A9-64EA-4A5B-A7CB-3F8EE629654D}.Release|x86.ActiveCfg = Release|Any CPU
		{645D94A9-64EA-4A5B-A7CB-3F8EE629654D}.Release|x86.Build.0 = Release|Any CPU
		{36DEF292-292B-4C94-BD7D-D6734E14BF79}.Debug|Any CPU.ActiveCfg = Debug|Any CPU
		{36DEF292-292B-4C94-BD7D-D6734E14BF79}.Debug|Any CPU.Build.0 = Debug|Any CPU
		{36DEF292-292B-4C94-BD7D-D6734E14BF79}.Debug|x64.ActiveCfg = Debug|Any CPU
		{36DEF292-292B-4C94-BD7D-D6734E14BF79}.Debug|x64.Build.0 = Debug|Any CPU
		{36DEF292-292B-4C94-BD7D-D6734E14BF79}.Debug|x86.ActiveCfg = Debug|Any CPU
		{36DEF292-292B-4C94-BD7D-D6734E14BF79}.Debug|x86.Build.0 = Debug|Any CPU
		{36DEF292-292B-4C94-BD7D-D6734E14BF79}.Release|Any CPU.ActiveCfg = Release|Any CPU
		{36DEF292-292B-4C94-BD7D-D6734E14BF79}.Release|Any CPU.Build.0 = Release|Any CPU
		{36DEF292-292B-4C94-BD7D-D6734E14BF79}.Release|x64.ActiveCfg = Release|Any CPU
		{36DEF292-292B-4C94-BD7D-D6734E14BF79}.Release|x64.Build.0 = Release|Any CPU
		{36DEF292-292B-4C94-BD7D-D6734E14BF79}.Release|x86.ActiveCfg = Release|Any CPU
		{36DEF292-292B-4C94-BD7D-D6734E14BF79}.Release|x86.Build.0 = Release|Any CPU
		{44E36535-2433-4D69-9099-F4B31A408143}.Debug|Any CPU.ActiveCfg = Debug|Any CPU
		{44E36535-2433-4D69-9099-F4B31A408143}.Debug|Any CPU.Build.0 = Debug|Any CPU
		{44E36535-2433-4D69-9099-F4B31A408143}.Debug|x64.ActiveCfg = Debug|Any CPU
		{44E36535-2433-4D69-9099-F4B31A408143}.Debug|x64.Build.0 = Debug|Any CPU
		{44E36535-2433-4D69-9099-F4B31A408143}.Debug|x86.ActiveCfg = Debug|Any CPU
		{44E36535-2433-4D69-9099-F4B31A408143}.Debug|x86.Build.0 = Debug|Any CPU
		{44E36535-2433-4D69-9099-F4B31A408143}.Release|Any CPU.ActiveCfg = Release|Any CPU
		{44E36535-2433-4D69-9099-F4B31A408143}.Release|Any CPU.Build.0 = Release|Any CPU
		{44E36535-2433-4D69-9099-F4B31A408143}.Release|x64.ActiveCfg = Release|Any CPU
		{44E36535-2433-4D69-9099-F4B31A408143}.Release|x64.Build.0 = Release|Any CPU
		{44E36535-2433-4D69-9099-F4B31A408143}.Release|x86.ActiveCfg = Release|Any CPU
		{44E36535-2433-4D69-9099-F4B31A408143}.Release|x86.Build.0 = Release|Any CPU
		{BB1130E1-F51E-4BC7-B4B1-3664B909EAFF}.Debug|Any CPU.ActiveCfg = Debug|Any CPU
		{BB1130E1-F51E-4BC7-B4B1-3664B909EAFF}.Debug|Any CPU.Build.0 = Debug|Any CPU
		{BB1130E1-F51E-4BC7-B4B1-3664B909EAFF}.Debug|x64.ActiveCfg = Debug|Any CPU
		{BB1130E1-F51E-4BC7-B4B1-3664B909EAFF}.Debug|x64.Build.0 = Debug|Any CPU
		{BB1130E1-F51E-4BC7-B4B1-3664B909EAFF}.Debug|x86.ActiveCfg = Debug|Any CPU
		{BB1130E1-F51E-4BC7-B4B1-3664B909EAFF}.Debug|x86.Build.0 = Debug|Any CPU
		{BB1130E1-F51E-4BC7-B4B1-3664B909EAFF}.Release|Any CPU.ActiveCfg = Release|Any CPU
		{BB1130E1-F51E-4BC7-B4B1-3664B909EAFF}.Release|Any CPU.Build.0 = Release|Any CPU
		{BB1130E1-F51E-4BC7-B4B1-3664B909EAFF}.Release|x64.ActiveCfg = Release|Any CPU
		{BB1130E1-F51E-4BC7-B4B1-3664B909EAFF}.Release|x64.Build.0 = Release|Any CPU
		{BB1130E1-F51E-4BC7-B4B1-3664B909EAFF}.Release|x86.ActiveCfg = Release|Any CPU
		{BB1130E1-F51E-4BC7-B4B1-3664B909EAFF}.Release|x86.Build.0 = Release|Any CPU
		{091059AA-BCAD-421C-9A13-78B1F85E726A}.Debug|Any CPU.ActiveCfg = Debug|Any CPU
		{091059AA-BCAD-421C-9A13-78B1F85E726A}.Debug|Any CPU.Build.0 = Debug|Any CPU
		{091059AA-BCAD-421C-9A13-78B1F85E726A}.Debug|x64.ActiveCfg = Debug|Any CPU
		{091059AA-BCAD-421C-9A13-78B1F85E726A}.Debug|x64.Build.0 = Debug|Any CPU
		{091059AA-BCAD-421C-9A13-78B1F85E726A}.Debug|x86.ActiveCfg = Debug|Any CPU
		{091059AA-BCAD-421C-9A13-78B1F85E726A}.Debug|x86.Build.0 = Debug|Any CPU
		{091059AA-BCAD-421C-9A13-78B1F85E726A}.Release|Any CPU.ActiveCfg = Release|Any CPU
		{091059AA-BCAD-421C-9A13-78B1F85E726A}.Release|Any CPU.Build.0 = Release|Any CPU
		{091059AA-BCAD-421C-9A13-78B1F85E726A}.Release|x64.ActiveCfg = Release|Any CPU
		{091059AA-BCAD-421C-9A13-78B1F85E726A}.Release|x64.Build.0 = Release|Any CPU
		{091059AA-BCAD-421C-9A13-78B1F85E726A}.Release|x86.ActiveCfg = Release|Any CPU
		{091059AA-BCAD-421C-9A13-78B1F85E726A}.Release|x86.Build.0 = Release|Any CPU
		{003951E9-7539-4257-AA48-3FEA12239300}.Debug|Any CPU.ActiveCfg = Debug|Any CPU
		{003951E9-7539-4257-AA48-3FEA12239300}.Debug|Any CPU.Build.0 = Debug|Any CPU
		{003951E9-7539-4257-AA48-3FEA12239300}.Debug|x64.ActiveCfg = Debug|Any CPU
		{003951E9-7539-4257-AA48-3FEA12239300}.Debug|x64.Build.0 = Debug|Any CPU
		{003951E9-7539-4257-AA48-3FEA12239300}.Debug|x86.ActiveCfg = Debug|Any CPU
		{003951E9-7539-4257-AA48-3FEA12239300}.Debug|x86.Build.0 = Debug|Any CPU
		{003951E9-7539-4257-AA48-3FEA12239300}.Release|Any CPU.ActiveCfg = Release|Any CPU
		{003951E9-7539-4257-AA48-3FEA12239300}.Release|Any CPU.Build.0 = Release|Any CPU
		{003951E9-7539-4257-AA48-3FEA12239300}.Release|x64.ActiveCfg = Release|Any CPU
		{003951E9-7539-4257-AA48-3FEA12239300}.Release|x64.Build.0 = Release|Any CPU
		{003951E9-7539-4257-AA48-3FEA12239300}.Release|x86.ActiveCfg = Release|Any CPU
		{003951E9-7539-4257-AA48-3FEA12239300}.Release|x86.Build.0 = Release|Any CPU
		{19D45216-C348-49CF-85DB-B07FBED3CF7B}.Debug|Any CPU.ActiveCfg = Debug|Any CPU
		{19D45216-C348-49CF-85DB-B07FBED3CF7B}.Debug|Any CPU.Build.0 = Debug|Any CPU
		{19D45216-C348-49CF-85DB-B07FBED3CF7B}.Debug|x64.ActiveCfg = Debug|Any CPU
		{19D45216-C348-49CF-85DB-B07FBED3CF7B}.Debug|x64.Build.0 = Debug|Any CPU
		{19D45216-C348-49CF-85DB-B07FBED3CF7B}.Debug|x86.ActiveCfg = Debug|Any CPU
		{19D45216-C348-49CF-85DB-B07FBED3CF7B}.Debug|x86.Build.0 = Debug|Any CPU
		{19D45216-C348-49CF-85DB-B07FBED3CF7B}.Release|Any CPU.ActiveCfg = Release|Any CPU
		{19D45216-C348-49CF-85DB-B07FBED3CF7B}.Release|Any CPU.Build.0 = Release|Any CPU
		{19D45216-C348-49CF-85DB-B07FBED3CF7B}.Release|x64.ActiveCfg = Release|Any CPU
		{19D45216-C348-49CF-85DB-B07FBED3CF7B}.Release|x64.Build.0 = Release|Any CPU
		{19D45216-C348-49CF-85DB-B07FBED3CF7B}.Release|x86.ActiveCfg = Release|Any CPU
		{19D45216-C348-49CF-85DB-B07FBED3CF7B}.Release|x86.Build.0 = Release|Any CPU
		{0C1870C9-DE43-4A9D-92F4-74DE16C0ADBC}.Debug|Any CPU.ActiveCfg = Debug|Any CPU
		{0C1870C9-DE43-4A9D-92F4-74DE16C0ADBC}.Debug|Any CPU.Build.0 = Debug|Any CPU
		{0C1870C9-DE43-4A9D-92F4-74DE16C0ADBC}.Debug|x64.ActiveCfg = Debug|Any CPU
		{0C1870C9-DE43-4A9D-92F4-74DE16C0ADBC}.Debug|x64.Build.0 = Debug|Any CPU
		{0C1870C9-DE43-4A9D-92F4-74DE16C0ADBC}.Debug|x86.ActiveCfg = Debug|Any CPU
		{0C1870C9-DE43-4A9D-92F4-74DE16C0ADBC}.Debug|x86.Build.0 = Debug|Any CPU
		{0C1870C9-DE43-4A9D-92F4-74DE16C0ADBC}.Release|Any CPU.ActiveCfg = Release|Any CPU
		{0C1870C9-DE43-4A9D-92F4-74DE16C0ADBC}.Release|Any CPU.Build.0 = Release|Any CPU
		{0C1870C9-DE43-4A9D-92F4-74DE16C0ADBC}.Release|x64.ActiveCfg = Release|Any CPU
		{0C1870C9-DE43-4A9D-92F4-74DE16C0ADBC}.Release|x64.Build.0 = Release|Any CPU
		{0C1870C9-DE43-4A9D-92F4-74DE16C0ADBC}.Release|x86.ActiveCfg = Release|Any CPU
		{0C1870C9-DE43-4A9D-92F4-74DE16C0ADBC}.Release|x86.Build.0 = Release|Any CPU
		{FB94FC54-DA2D-4E20-822B-73ABE3FDB075}.Debug|Any CPU.ActiveCfg = Debug|Any CPU
		{FB94FC54-DA2D-4E20-822B-73ABE3FDB075}.Debug|Any CPU.Build.0 = Debug|Any CPU
		{FB94FC54-DA2D-4E20-822B-73ABE3FDB075}.Debug|x64.ActiveCfg = Debug|Any CPU
		{FB94FC54-DA2D-4E20-822B-73ABE3FDB075}.Debug|x64.Build.0 = Debug|Any CPU
		{FB94FC54-DA2D-4E20-822B-73ABE3FDB075}.Debug|x86.ActiveCfg = Debug|Any CPU
		{FB94FC54-DA2D-4E20-822B-73ABE3FDB075}.Debug|x86.Build.0 = Debug|Any CPU
		{FB94FC54-DA2D-4E20-822B-73ABE3FDB075}.Release|Any CPU.ActiveCfg = Release|Any CPU
		{FB94FC54-DA2D-4E20-822B-73ABE3FDB075}.Release|Any CPU.Build.0 = Release|Any CPU
		{FB94FC54-DA2D-4E20-822B-73ABE3FDB075}.Release|x64.ActiveCfg = Release|Any CPU
		{FB94FC54-DA2D-4E20-822B-73ABE3FDB075}.Release|x64.Build.0 = Release|Any CPU
		{FB94FC54-DA2D-4E20-822B-73ABE3FDB075}.Release|x86.ActiveCfg = Release|Any CPU
		{FB94FC54-DA2D-4E20-822B-73ABE3FDB075}.Release|x86.Build.0 = Release|Any CPU
	EndGlobalSection
EndGlobal
